// !$*UTF8*$!
{
	archiveVersion = 1;
	classes = {
	};
	objectVersion = 46;
	objects = {

/* Begin PBXBuildFile section */
		5208F86B1F9383630052BDCF /* StationBuilder.swift in Sources */ = {isa = PBXBuildFile; fileRef = 5208F86A1F9383630052BDCF /* StationBuilder.swift */; };
		5211244D1E3E4ECB006D3CBF /* Location.swift in Sources */ = {isa = PBXBuildFile; fileRef = 5211244C1E3E4ECB006D3CBF /* Location.swift */; };
		5222922C1F28F6D00016F746 /* ViewControllerStationDetail.swift in Sources */ = {isa = PBXBuildFile; fileRef = 5222922B1F28F6D00016F746 /* ViewControllerStationDetail.swift */; };
		5246A59D1E2D0BDC005B074C /* NobilAPI.swift in Sources */ = {isa = PBXBuildFile; fileRef = 5246A59C1E2D0BDC005B074C /* NobilAPI.swift */; };
		524F1A081E3CCA0F006E2ADC /* StationCell.swift in Sources */ = {isa = PBXBuildFile; fileRef = 524F1A071E3CCA0F006E2ADC /* StationCell.swift */; };
		5252DBBA1F8C05F000E0D654 /* ElectricStation.swift in Sources */ = {isa = PBXBuildFile; fileRef = 5252DBB91F8C05F000E0D654 /* ElectricStation.swift */; };
		5252DBBC1F8C106E00E0D654 /* StationFactory.swift in Sources */ = {isa = PBXBuildFile; fileRef = 5252DBBB1F8C106E00E0D654 /* StationFactory.swift */; };
		5258AB591E2BA4AA003AB89D /* AppDelegate.swift in Sources */ = {isa = PBXBuildFile; fileRef = 5258AB581E2BA4AA003AB89D /* AppDelegate.swift */; };
		5258AB5B1E2BA4AA003AB89D /* ViewControllerTable.swift in Sources */ = {isa = PBXBuildFile; fileRef = 5258AB5A1E2BA4AA003AB89D /* ViewControllerTable.swift */; };
		5258AB5E1E2BA4AA003AB89D /* Main.storyboard in Resources */ = {isa = PBXBuildFile; fileRef = 5258AB5C1E2BA4AA003AB89D /* Main.storyboard */; };
		5258AB601E2BA4AA003AB89D /* Assets.xcassets in Resources */ = {isa = PBXBuildFile; fileRef = 5258AB5F1E2BA4AA003AB89D /* Assets.xcassets */; };
		5258AB631E2BA4AA003AB89D /* LaunchScreen.storyboard in Resources */ = {isa = PBXBuildFile; fileRef = 5258AB611E2BA4AA003AB89D /* LaunchScreen.storyboard */; };
		5258AB6E1E2BA4AA003AB89D /* eFuelTests.swift in Sources */ = {isa = PBXBuildFile; fileRef = 5258AB6D1E2BA4AA003AB89D /* eFuelTests.swift */; };
		5258AB791E2BA4AA003AB89D /* eFuelUITests.swift in Sources */ = {isa = PBXBuildFile; fileRef = 5258AB781E2BA4AA003AB89D /* eFuelUITests.swift */; };
		528DE9EE1E2EB94D000DF931 /* Notes.rtf in Resources */ = {isa = PBXBuildFile; fileRef = 528DE9ED1E2EB94D000DF931 /* Notes.rtf */; };
		52B887141E350CA3000AAE93 /* Station.swift in Sources */ = {isa = PBXBuildFile; fileRef = 52B887131E350CA3000AAE93 /* Station.swift */; };
		52C02D5B1E8E22B20056FCC1 /* ViewControllerMap.swift in Sources */ = {isa = PBXBuildFile; fileRef = 52C02D5A1E8E22B20056FCC1 /* ViewControllerMap.swift */; };
		B988849908EA2224F1DF9CF5 /* Pods_eFuel.framework in Frameworks */ = {isa = PBXBuildFile; fileRef = 8672508FCBCEC87FB68DFA6C /* Pods_eFuel.framework */; };
/* End PBXBuildFile section */

/* Begin PBXContainerItemProxy section */
		5258AB6A1E2BA4AA003AB89D /* PBXContainerItemProxy */ = {
			isa = PBXContainerItemProxy;
			containerPortal = 5258AB4D1E2BA4A9003AB89D /* Project object */;
			proxyType = 1;
			remoteGlobalIDString = 5258AB541E2BA4A9003AB89D;
			remoteInfo = eFuel;
		};
		5258AB751E2BA4AA003AB89D /* PBXContainerItemProxy */ = {
			isa = PBXContainerItemProxy;
			containerPortal = 5258AB4D1E2BA4A9003AB89D /* Project object */;
			proxyType = 1;
			remoteGlobalIDString = 5258AB541E2BA4A9003AB89D;
			remoteInfo = eFuel;
		};
/* End PBXContainerItemProxy section */

/* Begin PBXFileReference section */
		5208F86A1F9383630052BDCF /* StationBuilder.swift */ = {isa = PBXFileReference; lastKnownFileType = sourcecode.swift; path = StationBuilder.swift; sourceTree = "<group>"; };
		5211244C1E3E4ECB006D3CBF /* Location.swift */ = {isa = PBXFileReference; fileEncoding = 4; lastKnownFileType = sourcecode.swift; path = Location.swift; sourceTree = "<group>"; };
		5222922B1F28F6D00016F746 /* ViewControllerStationDetail.swift */ = {isa = PBXFileReference; fileEncoding = 4; lastKnownFileType = sourcecode.swift; path = ViewControllerStationDetail.swift; sourceTree = "<group>"; };
		5246A59C1E2D0BDC005B074C /* NobilAPI.swift */ = {isa = PBXFileReference; fileEncoding = 4; lastKnownFileType = sourcecode.swift; path = NobilAPI.swift; sourceTree = "<group>"; };
		524F1A071E3CCA0F006E2ADC /* StationCell.swift */ = {isa = PBXFileReference; fileEncoding = 4; lastKnownFileType = sourcecode.swift; path = StationCell.swift; sourceTree = "<group>"; };
		5252DBB91F8C05F000E0D654 /* ElectricStation.swift */ = {isa = PBXFileReference; lastKnownFileType = sourcecode.swift; path = ElectricStation.swift; sourceTree = "<group>"; };
		5252DBBB1F8C106E00E0D654 /* StationFactory.swift */ = {isa = PBXFileReference; lastKnownFileType = sourcecode.swift; path = StationFactory.swift; sourceTree = "<group>"; };
		5258AB551E2BA4AA003AB89D /* eFuel.app */ = {isa = PBXFileReference; explicitFileType = wrapper.application; includeInIndex = 0; path = eFuel.app; sourceTree = BUILT_PRODUCTS_DIR; };
		5258AB581E2BA4AA003AB89D /* AppDelegate.swift */ = {isa = PBXFileReference; lastKnownFileType = sourcecode.swift; path = AppDelegate.swift; sourceTree = "<group>"; };
		5258AB5A1E2BA4AA003AB89D /* ViewControllerTable.swift */ = {isa = PBXFileReference; lastKnownFileType = sourcecode.swift; path = ViewControllerTable.swift; sourceTree = "<group>"; };
		5258AB5D1E2BA4AA003AB89D /* Base */ = {isa = PBXFileReference; lastKnownFileType = file.storyboard; name = Base; path = Base.lproj/Main.storyboard; sourceTree = "<group>"; };
		5258AB5F1E2BA4AA003AB89D /* Assets.xcassets */ = {isa = PBXFileReference; lastKnownFileType = folder.assetcatalog; path = Assets.xcassets; sourceTree = "<group>"; };
		5258AB621E2BA4AA003AB89D /* Base */ = {isa = PBXFileReference; lastKnownFileType = file.storyboard; name = Base; path = Base.lproj/LaunchScreen.storyboard; sourceTree = "<group>"; };
		5258AB641E2BA4AA003AB89D /* Info.plist */ = {isa = PBXFileReference; lastKnownFileType = text.plist.xml; path = Info.plist; sourceTree = "<group>"; };
		5258AB691E2BA4AA003AB89D /* eFuelTests.xctest */ = {isa = PBXFileReference; explicitFileType = wrapper.cfbundle; includeInIndex = 0; path = eFuelTests.xctest; sourceTree = BUILT_PRODUCTS_DIR; };
		5258AB6D1E2BA4AA003AB89D /* eFuelTests.swift */ = {isa = PBXFileReference; lastKnownFileType = sourcecode.swift; path = eFuelTests.swift; sourceTree = "<group>"; };
		5258AB6F1E2BA4AA003AB89D /* Info.plist */ = {isa = PBXFileReference; lastKnownFileType = text.plist.xml; path = Info.plist; sourceTree = "<group>"; };
		5258AB741E2BA4AA003AB89D /* eFuelUITests.xctest */ = {isa = PBXFileReference; explicitFileType = wrapper.cfbundle; includeInIndex = 0; path = eFuelUITests.xctest; sourceTree = BUILT_PRODUCTS_DIR; };
		5258AB781E2BA4AA003AB89D /* eFuelUITests.swift */ = {isa = PBXFileReference; lastKnownFileType = sourcecode.swift; path = eFuelUITests.swift; sourceTree = "<group>"; };
		5258AB7A1E2BA4AA003AB89D /* Info.plist */ = {isa = PBXFileReference; lastKnownFileType = text.plist.xml; path = Info.plist; sourceTree = "<group>"; };
		528DE9ED1E2EB94D000DF931 /* Notes.rtf */ = {isa = PBXFileReference; fileEncoding = 4; lastKnownFileType = text.rtf; path = Notes.rtf; sourceTree = "<group>"; };
		52B887131E350CA3000AAE93 /* Station.swift */ = {isa = PBXFileReference; fileEncoding = 4; lastKnownFileType = sourcecode.swift; path = Station.swift; sourceTree = "<group>"; };
		52C02D5A1E8E22B20056FCC1 /* ViewControllerMap.swift */ = {isa = PBXFileReference; fileEncoding = 4; lastKnownFileType = sourcecode.swift; path = ViewControllerMap.swift; sourceTree = "<group>"; };
		61B90379150134C637F850D8 /* Pods-eFuel.debug.xcconfig */ = {isa = PBXFileReference; includeInIndex = 1; lastKnownFileType = text.xcconfig; name = "Pods-eFuel.debug.xcconfig"; path = "Pods/Target Support Files/Pods-eFuel/Pods-eFuel.debug.xcconfig"; sourceTree = "<group>"; };
		8672508FCBCEC87FB68DFA6C /* Pods_eFuel.framework */ = {isa = PBXFileReference; explicitFileType = wrapper.framework; includeInIndex = 0; path = Pods_eFuel.framework; sourceTree = BUILT_PRODUCTS_DIR; };
		F70CB1F876BE2AF75F564A71 /* Pods-eFuel.release.xcconfig */ = {isa = PBXFileReference; includeInIndex = 1; lastKnownFileType = text.xcconfig; name = "Pods-eFuel.release.xcconfig"; path = "Pods/Target Support Files/Pods-eFuel/Pods-eFuel.release.xcconfig"; sourceTree = "<group>"; };
/* End PBXFileReference section */

/* Begin PBXFrameworksBuildPhase section */
		5258AB521E2BA4A9003AB89D /* Frameworks */ = {
			isa = PBXFrameworksBuildPhase;
			buildActionMask = 2147483647;
			files = (
				B988849908EA2224F1DF9CF5 /* Pods_eFuel.framework in Frameworks */,
			);
			runOnlyForDeploymentPostprocessing = 0;
		};
		5258AB661E2BA4AA003AB89D /* Frameworks */ = {
			isa = PBXFrameworksBuildPhase;
			buildActionMask = 2147483647;
			files = (
			);
			runOnlyForDeploymentPostprocessing = 0;
		};
		5258AB711E2BA4AA003AB89D /* Frameworks */ = {
			isa = PBXFrameworksBuildPhase;
			buildActionMask = 2147483647;
			files = (
			);
			runOnlyForDeploymentPostprocessing = 0;
		};
/* End PBXFrameworksBuildPhase section */

/* Begin PBXGroup section */
		5252DBB81F8C055D00E0D654 /* Pattern files */ = {
			isa = PBXGroup;
			children = (
				5252DBBB1F8C106E00E0D654 /* StationFactory.swift */,
				5208F86A1F9383630052BDCF /* StationBuilder.swift */,
			);
			name = "Pattern files";
			sourceTree = "<group>";
		};
		5258AB4C1E2BA4A9003AB89D = {
			isa = PBXGroup;
			children = (
				5258AB571E2BA4AA003AB89D /* eFuel */,
				5258AB6C1E2BA4AA003AB89D /* eFuelTests */,
				5258AB771E2BA4AA003AB89D /* eFuelUITests */,
				5258AB561E2BA4AA003AB89D /* Products */,
				B6A389067505A1A6B8513080 /* Pods */,
				FD575A9807382F0D0FAD0C3E /* Frameworks */,
			);
			sourceTree = "<group>";
		};
		5258AB561E2BA4AA003AB89D /* Products */ = {
			isa = PBXGroup;
			children = (
				5258AB551E2BA4AA003AB89D /* eFuel.app */,
				5258AB691E2BA4AA003AB89D /* eFuelTests.xctest */,
				5258AB741E2BA4AA003AB89D /* eFuelUITests.xctest */,
			);
			name = Products;
			sourceTree = "<group>";
		};
		5258AB571E2BA4AA003AB89D /* eFuel */ = {
			isa = PBXGroup;
			children = (
				5287CE151E421FDC0055C160 /* Model */,
				5287CE171E4220480055C160 /* View */,
				5287CE161E4220260055C160 /* Controller */,
				52794C861E585D8300210527 /* API */,
				5287CE181E4220780055C160 /* Supporting Files */,
				5258AB581E2BA4AA003AB89D /* AppDelegate.swift */,
				5258AB5F1E2BA4AA003AB89D /* Assets.xcassets */,
				5258AB641E2BA4AA003AB89D /* Info.plist */,
			);
			path = eFuel;
			sourceTree = "<group>";
		};
		5258AB6C1E2BA4AA003AB89D /* eFuelTests */ = {
			isa = PBXGroup;
			children = (
				5258AB6D1E2BA4AA003AB89D /* eFuelTests.swift */,
				5258AB6F1E2BA4AA003AB89D /* Info.plist */,
			);
			path = eFuelTests;
			sourceTree = "<group>";
		};
		5258AB771E2BA4AA003AB89D /* eFuelUITests */ = {
			isa = PBXGroup;
			children = (
				5258AB781E2BA4AA003AB89D /* eFuelUITests.swift */,
				5258AB7A1E2BA4AA003AB89D /* Info.plist */,
			);
			path = eFuelUITests;
			sourceTree = "<group>";
		};
		52794C861E585D8300210527 /* API */ = {
			isa = PBXGroup;
			children = (
			);
			name = API;
			sourceTree = "<group>";
		};
		5287CE151E421FDC0055C160 /* Model */ = {
			isa = PBXGroup;
			children = (
				5252DBB81F8C055D00E0D654 /* Pattern files */,
				52B887131E350CA3000AAE93 /* Station.swift */,
				5252DBB91F8C05F000E0D654 /* ElectricStation.swift */,
			);
			name = Model;
			sourceTree = "<group>";
		};
		5287CE161E4220260055C160 /* Controller */ = {
			isa = PBXGroup;
			children = (
				524F1A071E3CCA0F006E2ADC /* StationCell.swift */,
				5258AB5A1E2BA4AA003AB89D /* ViewControllerTable.swift */,
				52C02D5A1E8E22B20056FCC1 /* ViewControllerMap.swift */,
				5222922B1F28F6D00016F746 /* ViewControllerStationDetail.swift */,
			);
			name = Controller;
			sourceTree = "<group>";
		};
		5287CE171E4220480055C160 /* View */ = {
			isa = PBXGroup;
			children = (
				5258AB611E2BA4AA003AB89D /* LaunchScreen.storyboard */,
				5258AB5C1E2BA4AA003AB89D /* Main.storyboard */,
			);
			name = View;
			sourceTree = "<group>";
		};
		5287CE181E4220780055C160 /* Supporting Files */ = {
			isa = PBXGroup;
			children = (
				528DE9ED1E2EB94D000DF931 /* Notes.rtf */,
				5211244C1E3E4ECB006D3CBF /* Location.swift */,
				5246A59C1E2D0BDC005B074C /* NobilAPI.swift */,
			);
			name = "Supporting Files";
			sourceTree = "<group>";
		};
		B6A389067505A1A6B8513080 /* Pods */ = {
			isa = PBXGroup;
			children = (
				61B90379150134C637F850D8 /* Pods-eFuel.debug.xcconfig */,
				F70CB1F876BE2AF75F564A71 /* Pods-eFuel.release.xcconfig */,
			);
			name = Pods;
			sourceTree = "<group>";
		};
		FD575A9807382F0D0FAD0C3E /* Frameworks */ = {
			isa = PBXGroup;
			children = (
				8672508FCBCEC87FB68DFA6C /* Pods_eFuel.framework */,
			);
			name = Frameworks;
			sourceTree = "<group>";
		};
/* End PBXGroup section */

/* Begin PBXNativeTarget section */
		5258AB541E2BA4A9003AB89D /* eFuel */ = {
			isa = PBXNativeTarget;
			buildConfigurationList = 5258AB7D1E2BA4AA003AB89D /* Build configuration list for PBXNativeTarget "eFuel" */;
			buildPhases = (
				0ABF02AE3E290C1D767ABDA6 /* [CP] Check Pods Manifest.lock */,
				5258AB511E2BA4A9003AB89D /* Sources */,
				5258AB521E2BA4A9003AB89D /* Frameworks */,
				5258AB531E2BA4A9003AB89D /* Resources */,
				356EC4DD3C7A51B0EF2AB4FA /* [CP] Embed Pods Frameworks */,
				3AF7897B1C0E102F4E3805A6 /* [CP] Copy Pods Resources */,
			);
			buildRules = (
			);
			dependencies = (
			);
			name = eFuel;
			productName = eFuel;
			productReference = 5258AB551E2BA4AA003AB89D /* eFuel.app */;
			productType = "com.apple.product-type.application";
		};
		5258AB681E2BA4AA003AB89D /* eFuelTests */ = {
			isa = PBXNativeTarget;
			buildConfigurationList = 5258AB801E2BA4AA003AB89D /* Build configuration list for PBXNativeTarget "eFuelTests" */;
			buildPhases = (
				5258AB651E2BA4AA003AB89D /* Sources */,
				5258AB661E2BA4AA003AB89D /* Frameworks */,
				5258AB671E2BA4AA003AB89D /* Resources */,
			);
			buildRules = (
			);
			dependencies = (
				5258AB6B1E2BA4AA003AB89D /* PBXTargetDependency */,
			);
			name = eFuelTests;
			productName = eFuelTests;
			productReference = 5258AB691E2BA4AA003AB89D /* eFuelTests.xctest */;
			productType = "com.apple.product-type.bundle.unit-test";
		};
		5258AB731E2BA4AA003AB89D /* eFuelUITests */ = {
			isa = PBXNativeTarget;
			buildConfigurationList = 5258AB831E2BA4AA003AB89D /* Build configuration list for PBXNativeTarget "eFuelUITests" */;
			buildPhases = (
				5258AB701E2BA4AA003AB89D /* Sources */,
				5258AB711E2BA4AA003AB89D /* Frameworks */,
				5258AB721E2BA4AA003AB89D /* Resources */,
			);
			buildRules = (
			);
			dependencies = (
				5258AB761E2BA4AA003AB89D /* PBXTargetDependency */,
			);
			name = eFuelUITests;
			productName = eFuelUITests;
			productReference = 5258AB741E2BA4AA003AB89D /* eFuelUITests.xctest */;
			productType = "com.apple.product-type.bundle.ui-testing";
		};
/* End PBXNativeTarget section */

/* Begin PBXProject section */
		5258AB4D1E2BA4A9003AB89D /* Project object */ = {
			isa = PBXProject;
			attributes = {
				LastSwiftUpdateCheck = 0810;
				LastUpgradeCheck = 0900;
				ORGANIZATIONNAME = Karthig.com;
				TargetAttributes = {
					5258AB541E2BA4A9003AB89D = {
						CreatedOnToolsVersion = 8.1;
						DevelopmentTeam = 6LN88VS786;
						LastSwiftMigration = 0900;
						ProvisioningStyle = Automatic;
					};
					5258AB681E2BA4AA003AB89D = {
						CreatedOnToolsVersion = 8.1;
						DevelopmentTeam = 6LN88VS786;
						LastSwiftMigration = 0900;
						ProvisioningStyle = Automatic;
						TestTargetID = 5258AB541E2BA4A9003AB89D;
					};
					5258AB731E2BA4AA003AB89D = {
						CreatedOnToolsVersion = 8.1;
						DevelopmentTeam = 6LN88VS786;
						LastSwiftMigration = 0900;
						ProvisioningStyle = Automatic;
						TestTargetID = 5258AB541E2BA4A9003AB89D;
					};
				};
			};
			buildConfigurationList = 5258AB501E2BA4A9003AB89D /* Build configuration list for PBXProject "eFuel" */;
			compatibilityVersion = "Xcode 3.2";
			developmentRegion = English;
			hasScannedForEncodings = 0;
			knownRegions = (
				en,
				Base,
			);
			mainGroup = 5258AB4C1E2BA4A9003AB89D;
			productRefGroup = 5258AB561E2BA4AA003AB89D /* Products */;
			projectDirPath = "";
			projectRoot = "";
			targets = (
				5258AB541E2BA4A9003AB89D /* eFuel */,
				5258AB681E2BA4AA003AB89D /* eFuelTests */,
				5258AB731E2BA4AA003AB89D /* eFuelUITests */,
			);
		};
/* End PBXProject section */

/* Begin PBXResourcesBuildPhase section */
		5258AB531E2BA4A9003AB89D /* Resources */ = {
			isa = PBXResourcesBuildPhase;
			buildActionMask = 2147483647;
			files = (
				528DE9EE1E2EB94D000DF931 /* Notes.rtf in Resources */,
				5258AB631E2BA4AA003AB89D /* LaunchScreen.storyboard in Resources */,
				5258AB601E2BA4AA003AB89D /* Assets.xcassets in Resources */,
				5258AB5E1E2BA4AA003AB89D /* Main.storyboard in Resources */,
			);
			runOnlyForDeploymentPostprocessing = 0;
		};
		5258AB671E2BA4AA003AB89D /* Resources */ = {
			isa = PBXResourcesBuildPhase;
			buildActionMask = 2147483647;
			files = (
			);
			runOnlyForDeploymentPostprocessing = 0;
		};
		5258AB721E2BA4AA003AB89D /* Resources */ = {
			isa = PBXResourcesBuildPhase;
			buildActionMask = 2147483647;
			files = (
			);
			runOnlyForDeploymentPostprocessing = 0;
		};
/* End PBXResourcesBuildPhase section */

/* Begin PBXShellScriptBuildPhase section */
		0ABF02AE3E290C1D767ABDA6 /* [CP] Check Pods Manifest.lock */ = {
			isa = PBXShellScriptBuildPhase;
			buildActionMask = 2147483647;
			files = (
			);
			inputPaths = (
				"${PODS_PODFILE_DIR_PATH}/Podfile.lock",
				"${PODS_ROOT}/Manifest.lock",
			);
			name = "[CP] Check Pods Manifest.lock";
			outputPaths = (
				"$(DERIVED_FILE_DIR)/Pods-eFuel-checkManifestLockResult.txt",
			);
			runOnlyForDeploymentPostprocessing = 0;
			shellPath = /bin/sh;
			shellScript = "diff \"${PODS_PODFILE_DIR_PATH}/Podfile.lock\" \"${PODS_ROOT}/Manifest.lock\" > /dev/null\nif [ $? != 0 ] ; then\n    # print error to STDERR\n    echo \"error: The sandbox is not in sync with the Podfile.lock. Run 'pod install' or update your CocoaPods installation.\" >&2\n    exit 1\nfi\n# This output is used by Xcode 'outputs' to avoid re-running this script phase.\necho \"SUCCESS\" > \"${SCRIPT_OUTPUT_FILE_0}\"\n";
			showEnvVarsInLog = 0;
		};
		356EC4DD3C7A51B0EF2AB4FA /* [CP] Embed Pods Frameworks */ = {
			isa = PBXShellScriptBuildPhase;
			buildActionMask = 2147483647;
			files = (
			);
			inputPaths = (
				"${SRCROOT}/Pods/Target Support Files/Pods-eFuel/Pods-eFuel-frameworks.sh",
				"${BUILT_PRODUCTS_DIR}/Alamofire/Alamofire.framework",
			);
			name = "[CP] Embed Pods Frameworks";
			outputPaths = (
				"${TARGET_BUILD_DIR}/${FRAMEWORKS_FOLDER_PATH}/Alamofire.framework",
			);
			runOnlyForDeploymentPostprocessing = 0;
			shellPath = /bin/sh;
			shellScript = "\"${SRCROOT}/Pods/Target Support Files/Pods-eFuel/Pods-eFuel-frameworks.sh\"\n";
			showEnvVarsInLog = 0;
		};
		3AF7897B1C0E102F4E3805A6 /* [CP] Copy Pods Resources */ = {
			isa = PBXShellScriptBuildPhase;
			buildActionMask = 2147483647;
			files = (
			);
			inputPaths = (
			);
			name = "[CP] Copy Pods Resources";
			outputPaths = (
			);
			runOnlyForDeploymentPostprocessing = 0;
			shellPath = /bin/sh;
			shellScript = "\"${SRCROOT}/Pods/Target Support Files/Pods-eFuel/Pods-eFuel-resources.sh\"\n";
			showEnvVarsInLog = 0;
		};
/* End PBXShellScriptBuildPhase section */

/* Begin PBXSourcesBuildPhase section */
		5258AB511E2BA4A9003AB89D /* Sources */ = {
			isa = PBXSourcesBuildPhase;
			buildActionMask = 2147483647;
			files = (
				5252DBBA1F8C05F000E0D654 /* ElectricStation.swift in Sources */,
				5222922C1F28F6D00016F746 /* ViewControllerStationDetail.swift in Sources */,
				5208F86B1F9383630052BDCF /* StationBuilder.swift in Sources */,
				524F1A081E3CCA0F006E2ADC /* StationCell.swift in Sources */,
				5258AB5B1E2BA4AA003AB89D /* ViewControllerTable.swift in Sources */,
				52B887141E350CA3000AAE93 /* Station.swift in Sources */,
				5258AB591E2BA4AA003AB89D /* AppDelegate.swift in Sources */,
				52C02D5B1E8E22B20056FCC1 /* ViewControllerMap.swift in Sources */,
				5211244D1E3E4ECB006D3CBF /* Location.swift in Sources */,
				5246A59D1E2D0BDC005B074C /* NobilAPI.swift in Sources */,
				5252DBBC1F8C106E00E0D654 /* StationFactory.swift in Sources */,
			);
			runOnlyForDeploymentPostprocessing = 0;
		};
		5258AB651E2BA4AA003AB89D /* Sources */ = {
			isa = PBXSourcesBuildPhase;
			buildActionMask = 2147483647;
			files = (
				5258AB6E1E2BA4AA003AB89D /* eFuelTests.swift in Sources */,
			);
			runOnlyForDeploymentPostprocessing = 0;
		};
		5258AB701E2BA4AA003AB89D /* Sources */ = {
			isa = PBXSourcesBuildPhase;
			buildActionMask = 2147483647;
			files = (
				5258AB791E2BA4AA003AB89D /* eFuelUITests.swift in Sources */,
			);
			runOnlyForDeploymentPostprocessing = 0;
		};
/* End PBXSourcesBuildPhase section */

/* Begin PBXTargetDependency section */
		5258AB6B1E2BA4AA003AB89D /* PBXTargetDependency */ = {
			isa = PBXTargetDependency;
			target = 5258AB541E2BA4A9003AB89D /* eFuel */;
			targetProxy = 5258AB6A1E2BA4AA003AB89D /* PBXContainerItemProxy */;
		};
		5258AB761E2BA4AA003AB89D /* PBXTargetDependency */ = {
			isa = PBXTargetDependency;
			target = 5258AB541E2BA4A9003AB89D /* eFuel */;
			targetProxy = 5258AB751E2BA4AA003AB89D /* PBXContainerItemProxy */;
		};
/* End PBXTargetDependency section */

/* Begin PBXVariantGroup section */
		5258AB5C1E2BA4AA003AB89D /* Main.storyboard */ = {
			isa = PBXVariantGroup;
			children = (
				5258AB5D1E2BA4AA003AB89D /* Base */,
			);
			name = Main.storyboard;
			sourceTree = "<group>";
		};
		5258AB611E2BA4AA003AB89D /* LaunchScreen.storyboard */ = {
			isa = PBXVariantGroup;
			children = (
				5258AB621E2BA4AA003AB89D /* Base */,
			);
			name = LaunchScreen.storyboard;
			sourceTree = "<group>";
		};
/* End PBXVariantGroup section */

/* Begin XCBuildConfiguration section */
		5258AB7B1E2BA4AA003AB89D /* Debug */ = {
			isa = XCBuildConfiguration;
			buildSettings = {
				ALWAYS_SEARCH_USER_PATHS = NO;
				CLANG_ANALYZER_NONNULL = YES;
				CLANG_CXX_LANGUAGE_STANDARD = "gnu++0x";
				CLANG_CXX_LIBRARY = "libc++";
				CLANG_ENABLE_MODULES = YES;
				CLANG_ENABLE_OBJC_ARC = YES;
				CLANG_WARN_BLOCK_CAPTURE_AUTORELEASING = YES;
				CLANG_WARN_BOOL_CONVERSION = YES;
				CLANG_WARN_COMMA = YES;
				CLANG_WARN_CONSTANT_CONVERSION = YES;
				CLANG_WARN_DIRECT_OBJC_ISA_USAGE = YES_ERROR;
				CLANG_WARN_DOCUMENTATION_COMMENTS = YES;
				CLANG_WARN_EMPTY_BODY = YES;
				CLANG_WARN_ENUM_CONVERSION = YES;
				CLANG_WARN_INFINITE_RECURSION = YES;
				CLANG_WARN_INT_CONVERSION = YES;
				CLANG_WARN_NON_LITERAL_NULL_CONVERSION = YES;
				CLANG_WARN_OBJC_LITERAL_CONVERSION = YES;
				CLANG_WARN_OBJC_ROOT_CLASS = YES_ERROR;
				CLANG_WARN_RANGE_LOOP_ANALYSIS = YES;
				CLANG_WARN_STRICT_PROTOTYPES = YES;
				CLANG_WARN_SUSPICIOUS_MOVE = YES;
				CLANG_WARN_SUSPICIOUS_MOVES = YES;
				CLANG_WARN_UNREACHABLE_CODE = YES;
				CLANG_WARN__DUPLICATE_METHOD_MATCH = YES;
				"CODE_SIGN_IDENTITY[sdk=iphoneos*]" = "iPhone Developer";
				COPY_PHASE_STRIP = NO;
				DEBUG_INFORMATION_FORMAT = dwarf;
				ENABLE_STRICT_OBJC_MSGSEND = YES;
				ENABLE_TESTABILITY = YES;
				GCC_C_LANGUAGE_STANDARD = gnu99;
				GCC_DYNAMIC_NO_PIC = NO;
				GCC_NO_COMMON_BLOCKS = YES;
				GCC_OPTIMIZATION_LEVEL = 0;
				GCC_PREPROCESSOR_DEFINITIONS = (
					"DEBUG=1",
					"$(inherited)",
				);
				GCC_WARN_64_TO_32_BIT_CONVERSION = YES;
				GCC_WARN_ABOUT_RETURN_TYPE = YES_ERROR;
				GCC_WARN_UNDECLARED_SELECTOR = YES;
				GCC_WARN_UNINITIALIZED_AUTOS = YES_AGGRESSIVE;
				GCC_WARN_UNUSED_FUNCTION = YES;
				GCC_WARN_UNUSED_VARIABLE = YES;
				IPHONEOS_DEPLOYMENT_TARGET = 10.1;
				MTL_ENABLE_DEBUG_INFO = YES;
				ONLY_ACTIVE_ARCH = YES;
				SDKROOT = iphoneos;
				SWIFT_ACTIVE_COMPILATION_CONDITIONS = DEBUG;
				SWIFT_OPTIMIZATION_LEVEL = "-Onone";
			};
			name = Debug;
		};
		5258AB7C1E2BA4AA003AB89D /* Release */ = {
			isa = XCBuildConfiguration;
			buildSettings = {
				ALWAYS_SEARCH_USER_PATHS = NO;
				CLANG_ANALYZER_NONNULL = YES;
				CLANG_CXX_LANGUAGE_STANDARD = "gnu++0x";
				CLANG_CXX_LIBRARY = "libc++";
				CLANG_ENABLE_MODULES = YES;
				CLANG_ENABLE_OBJC_ARC = YES;
				CLANG_WARN_BLOCK_CAPTURE_AUTORELEASING = YES;
				CLANG_WARN_BOOL_CONVERSION = YES;
				CLANG_WARN_COMMA = YES;
				CLANG_WARN_CONSTANT_CONVERSION = YES;
				CLANG_WARN_DIRECT_OBJC_ISA_USAGE = YES_ERROR;
				CLANG_WARN_DOCUMENTATION_COMMENTS = YES;
				CLANG_WARN_EMPTY_BODY = YES;
				CLANG_WARN_ENUM_CONVERSION = YES;
				CLANG_WARN_INFINITE_RECURSION = YES;
				CLANG_WARN_INT_CONVERSION = YES;
				CLANG_WARN_NON_LITERAL_NULL_CONVERSION = YES;
				CLANG_WARN_OBJC_LITERAL_CONVERSION = YES;
				CLANG_WARN_OBJC_ROOT_CLASS = YES_ERROR;
				CLANG_WARN_RANGE_LOOP_ANALYSIS = YES;
				CLANG_WARN_STRICT_PROTOTYPES = YES;
				CLANG_WARN_SUSPICIOUS_MOVE = YES;
				CLANG_WARN_SUSPICIOUS_MOVES = YES;
				CLANG_WARN_UNREACHABLE_CODE = YES;
				CLANG_WARN__DUPLICATE_METHOD_MATCH = YES;
				"CODE_SIGN_IDENTITY[sdk=iphoneos*]" = "iPhone Developer";
				COPY_PHASE_STRIP = NO;
				DEBUG_INFORMATION_FORMAT = "dwarf-with-dsym";
				ENABLE_NS_ASSERTIONS = NO;
				ENABLE_STRICT_OBJC_MSGSEND = YES;
				GCC_C_LANGUAGE_STANDARD = gnu99;
				GCC_NO_COMMON_BLOCKS = YES;
				GCC_WARN_64_TO_32_BIT_CONVERSION = YES;
				GCC_WARN_ABOUT_RETURN_TYPE = YES_ERROR;
				GCC_WARN_UNDECLARED_SELECTOR = YES;
				GCC_WARN_UNINITIALIZED_AUTOS = YES_AGGRESSIVE;
				GCC_WARN_UNUSED_FUNCTION = YES;
				GCC_WARN_UNUSED_VARIABLE = YES;
				IPHONEOS_DEPLOYMENT_TARGET = 10.1;
				MTL_ENABLE_DEBUG_INFO = NO;
				SDKROOT = iphoneos;
				SWIFT_OPTIMIZATION_LEVEL = "-Owholemodule";
				VALIDATE_PRODUCT = YES;
			};
			name = Release;
		};
		5258AB7E1E2BA4AA003AB89D /* Debug */ = {
			isa = XCBuildConfiguration;
			baseConfigurationReference = 61B90379150134C637F850D8 /* Pods-eFuel.debug.xcconfig */;
			buildSettings = {
				ALWAYS_EMBED_SWIFT_STANDARD_LIBRARIES = YES;
				ASSETCATALOG_COMPILER_APPICON_NAME = AppIcon;
				DEVELOPMENT_TEAM = 6LN88VS786;
				INFOPLIST_FILE = eFuel/Info.plist;
				LD_RUNPATH_SEARCH_PATHS = "$(inherited) @executable_path/Frameworks";
				PRODUCT_BUNDLE_IDENTIFIER = com.karthig.eFuel;
				PRODUCT_NAME = "$(TARGET_NAME)";
				SWIFT_SWIFT3_OBJC_INFERENCE = On;
				SWIFT_VERSION = 4.0;
			};
			name = Debug;
		};
		5258AB7F1E2BA4AA003AB89D /* Release */ = {
			isa = XCBuildConfiguration;
			baseConfigurationReference = F70CB1F876BE2AF75F564A71 /* Pods-eFuel.release.xcconfig */;
			buildSettings = {
				ALWAYS_EMBED_SWIFT_STANDARD_LIBRARIES = YES;
				ASSETCATALOG_COMPILER_APPICON_NAME = AppIcon;
				DEVELOPMENT_TEAM = 6LN88VS786;
				INFOPLIST_FILE = eFuel/Info.plist;
				LD_RUNPATH_SEARCH_PATHS = "$(inherited) @executable_path/Frameworks";
				PRODUCT_BUNDLE_IDENTIFIER = com.karthig.eFuel;
				PRODUCT_NAME = "$(TARGET_NAME)";
				SWIFT_SWIFT3_OBJC_INFERENCE = On;
				SWIFT_VERSION = 4.0;
			};
			name = Release;
		};
		5258AB811E2BA4AA003AB89D /* Debug */ = {
			isa = XCBuildConfiguration;
			buildSettings = {
				ALWAYS_EMBED_SWIFT_STANDARD_LIBRARIES = YES;
				BUNDLE_LOADER = "$(TEST_HOST)";
				DEVELOPMENT_TEAM = 6LN88VS786;
				INFOPLIST_FILE = eFuelTests/Info.plist;
				LD_RUNPATH_SEARCH_PATHS = "$(inherited) @executable_path/Frameworks @loader_path/Frameworks";
				PRODUCT_BUNDLE_IDENTIFIER = com.karthig.eFuelTests;
				PRODUCT_NAME = "$(TARGET_NAME)";
				SWIFT_SWIFT3_OBJC_INFERENCE = On;
				SWIFT_VERSION = 4.0;
				TEST_HOST = "$(BUILT_PRODUCTS_DIR)/eFuel.app/eFuel";
			};
			name = Debug;
		};
		5258AB821E2BA4AA003AB89D /* Release */ = {
			isa = XCBuildConfiguration;
			buildSettings = {
				ALWAYS_EMBED_SWIFT_STANDARD_LIBRARIES = YES;
				BUNDLE_LOADER = "$(TEST_HOST)";
				DEVELOPMENT_TEAM = 6LN88VS786;
				INFOPLIST_FILE = eFuelTests/Info.plist;
				LD_RUNPATH_SEARCH_PATHS = "$(inherited) @executable_path/Frameworks @loader_path/Frameworks";
				PRODUCT_BUNDLE_IDENTIFIER = com.karthig.eFuelTests;
				PRODUCT_NAME = "$(TARGET_NAME)";
				SWIFT_SWIFT3_OBJC_INFERENCE = On;
				SWIFT_VERSION = 4.0;
				TEST_HOST = "$(BUILT_PRODUCTS_DIR)/eFuel.app/eFuel";
			};
			name = Release;
		};
		5258AB841E2BA4AA003AB89D /* Debug */ = {
			isa = XCBuildConfiguration;
			buildSettings = {
				ALWAYS_EMBED_SWIFT_STANDARD_LIBRARIES = YES;
				DEVELOPMENT_TEAM = 6LN88VS786;
				INFOPLIST_FILE = eFuelUITests/Info.plist;
				LD_RUNPATH_SEARCH_PATHS = "$(inherited) @executable_path/Frameworks @loader_path/Frameworks";
				PRODUCT_BUNDLE_IDENTIFIER = com.karthig.eFuelUITests;
				PRODUCT_NAME = "$(TARGET_NAME)";
				SWIFT_SWIFT3_OBJC_INFERENCE = On;
				SWIFT_VERSION = 4.0;
				TEST_TARGET_NAME = eFuel;
			};
			name = Debug;
		};
		5258AB851E2BA4AA003AB89D /* Release */ = {
			isa = XCBuildConfiguration;
			buildSettings = {
				ALWAYS_EMBED_SWIFT_STANDARD_LIBRARIES = YES;
				DEVELOPMENT_TEAM = 6LN88VS786;
				INFOPLIST_FILE = eFuelUITests/Info.plist;
				LD_RUNPATH_SEARCH_PATHS = "$(inherited) @executable_path/Frameworks @loader_path/Frameworks";
				PRODUCT_BUNDLE_IDENTIFIER = com.karthig.eFuelUITests;
				PRODUCT_NAME = "$(TARGET_NAME)";
				SWIFT_SWIFT3_OBJC_INFERENCE = On;
				SWIFT_VERSION = 4.0;
				TEST_TARGET_NAME = eFuel;
			};
			name = Release;
		};
/* End XCBuildConfiguration section */

/* Begin XCConfigurationList section */
		5258AB501E2BA4A9003AB89D /* Build configuration list for PBXProject "eFuel" */ = {
			isa = XCConfigurationList;
			buildConfigurations = (
				5258AB7B1E2BA4AA003AB89D /* Debug */,
				5258AB7C1E2BA4AA003AB89D /* Release */,
			);
			defaultConfigurationIsVisible = 0;
			defaultConfigurationName = Release;
		};
		5258AB7D1E2BA4AA003AB89D /* Build configuration list for PBXNativeTarget "eFuel" */ = {
			isa = XCConfigurationList;
			buildConfigurations = (
				5258AB7E1E2BA4AA003AB89D /* Debug */,
				5258AB7F1E2BA4AA003AB89D /* Release */,
			);
			defaultConfigurationIsVisible = 0;
			defaultConfigurationName = Release;
		};
		5258AB801E2BA4AA003AB89D /* Build configuration list for PBXNativeTarget "eFuelTests" */ = {
			isa = XCConfigurationList;
			buildConfigurations = (
				5258AB811E2BA4AA003AB89D /* Debug */,
				5258AB821E2BA4AA003AB89D /* Release */,
			);
			defaultConfigurationIsVisible = 0;
			defaultConfigurationName = Release;
		};
		5258AB831E2BA4AA003AB89D /* Build configuration list for PBXNativeTarget "eFuelUITests" */ = {
			isa = XCConfigurationList;
			buildConfigurations = (
				5258AB841E2BA4AA003AB89D /* Debug */,
				5258AB851E2BA4AA003AB89D /* Release */,
			);
			defaultConfigurationIsVisible = 0;
			defaultConfigurationName = Release;
		};
/* End XCConfigurationList section */
	};
	rootObject = 5258AB4D1E2BA4A9003AB89D /* Project object */;
}
